<?xml version="1.0" encoding="utf-8"?>
<Project ToolsVersion="4.0" xmlns="http://schemas.microsoft.com/developer/msbuild/2003">
  <ItemGroup>
    <Filter Include="Source Files">
      <UniqueIdentifier>{4FC737F1-C7A5-4376-A066-2A32D752A2FF}</UniqueIdentifier>
      <Extensions>cpp;c;cc;cxx;def;odl;idl;hpj;bat;asm;asmx</Extensions>
    </Filter>
    <Filter Include="Header Files">
      <UniqueIdentifier>{93995380-89BD-4b04-88EB-625FBE52EBFB}</UniqueIdentifier>
      <Extensions>h;hpp;hxx;hm;inl;inc;xsd</Extensions>
    </Filter>
    <Filter Include="Resource Files">
      <UniqueIdentifier>{67DA6AB6-F800-4c08-8B7A-83BB121AAD01}</UniqueIdentifier>
      <Extensions>rc;ico;cur;bmp;dlg;rc2;rct;bin;rgs;gif;jpg;jpeg;jpe;resx;tiff;tif;png;wav;mfcribbon-ms</Extensions>
    </Filter>
    <Filter Include="Header Files\Entities">
      <UniqueIdentifier>{f981cef9-8a6a-496a-81fd-58233528c600}</UniqueIdentifier>
    </Filter>
    <Filter Include="Source Files\Entities">
      <UniqueIdentifier>{2cb68d59-8659-4dd3-b19b-f51ec5adf50a}</UniqueIdentifier>
    </Filter>
    <Filter Include="Header Files\Shooting">
      <UniqueIdentifier>{49e2b94c-d20e-4266-a2d0-23c0ce0e4951}</UniqueIdentifier>
    </Filter>
    <Filter Include="Source Files\Shooting">
      <UniqueIdentifier>{c47f61d3-c7e0-4f84-9859-ace86a9b7b2e}</UniqueIdentifier>
    </Filter>
    <Filter Include="Header Files\Entities\Moving Entities">
      <UniqueIdentifier>{4835f74b-e9f8-4ae0-9429-3e0e4922177b}</UniqueIdentifier>
    </Filter>
    <Filter Include="Source Files\Entities\Stationary Entities">
      <UniqueIdentifier>{df86e929-e1ea-44b2-ac88-1205ff6edfc9}</UniqueIdentifier>
    </Filter>
    <Filter Include="Header Files\Entities\Stationary Entities">
      <UniqueIdentifier>{999f134a-6d43-4eea-894f-0878fe8d328d}</UniqueIdentifier>
    </Filter>
    <Filter Include="Source Files\Entities\Moving Entity">
      <UniqueIdentifier>{a6ad57c6-edf4-415f-bd9c-a3385e5a2de5}</UniqueIdentifier>
    </Filter>
  </ItemGroup>
  <ItemGroup>
    <ClCompile Include="main.cpp">
      <Filter>Source Files</Filter>
    </ClCompile>
    <ClCompile Include="Game.cpp">
      <Filter>Source Files</Filter>
    </ClCompile>
    <ClCompile Include="Shot.cpp">
      <Filter>Source Files\Shooting</Filter>
    </ClCompile>
    <ClCompile Include="Hero.cpp">
      <Filter>Source Files\Entities\Moving Entity</Filter>
    </ClCompile>
    <ClCompile Include="Platform.cpp">
      <Filter>Source Files\Entities\Stationary Entities</Filter>
    </ClCompile>
  </ItemGroup>
  <ItemGroup>
    <ClInclude Include="Game.h">
      <Filter>Header Files</Filter>
    </ClInclude>
    <ClInclude Include="Entity.h">
      <Filter>Header Files\Entities</Filter>
    </ClInclude>
    <ClInclude Include="Shot.h">
      <Filter>Header Files\Shooting</Filter>
    </ClInclude>
    <ClInclude Include="IActions.h">
      <Filter>Header Files</Filter>
    </ClInclude>
    <ClInclude Include="ShotPtr.h">
      <Filter>Header Files\Shooting</Filter>
    </ClInclude>
    <ClInclude Include="Hero.h">
      <Filter>Header Files\Entities\Moving Entities</Filter>
    </ClInclude>
    <ClInclude Include="MovingEntity.h">
      <Filter>Header Files\Entities\Moving Entities</Filter>
    </ClInclude>
    <ClInclude Include="StationaryEntity.h">
      <Filter>Header Files\Entities\Stationary Entities</Filter>
    </ClInclude>
    <ClInclude Include="HeroPtr.h">
      <Filter>Header Files\Entities</Filter>
    </ClInclude>
    <ClInclude Include="IDrawable.h">
      <Filter>Header Files</Filter>
    </ClInclude>
    <ClInclude Include="IDrawablePtr.h">
      <Filter>Header Files</Filter>
    </ClInclude>
    <ClInclude Include="Platform.h">
      <Filter>Header Files\Entities\Stationary Entities</Filter>
    </ClInclude>
  </ItemGroup>
</Project>